
Microsoft Visual Studio Solution File, Format Version 12.00
# Visual Studio 15
VisualStudioVersion = 15.0.27004.2009
MinimumVisualStudioVersion = 10.0.40219.1
Project("{FAE04EC0-301F-11D3-BF4B-00C04F79EFBC}") = "KorailDotNet", "KorailDotNet\KorailDotNet.csproj", "{EAAA741F-9937-4215-88F8-3559E7003842}"
EndProject
Project("{FAE04EC0-301F-11D3-BF4B-00C04F79EFBC}") = "KorailDotNet.Tests", "KorailDotNet.Tests\KorailDotNet.Tests.csproj", "{DD76E8B8-2396-4A9D-95B6-7DC57B5A373F}"
EndProject
Global
	GlobalSection(SolutionConfigurationPlatforms) = preSolution
		Debug|Any CPU = Debug|Any CPU
		Release|Any CPU = Release|Any CPU
	EndGlobalSection
	GlobalSection(ProjectConfigurationPlatforms) = postSolution
		{EAAA741F-9937-4215-88F8-3559E7003842}.Debug|Any CPU.ActiveCfg = Debug|Any CPU
		{EAAA741F-9937-4215-88F8-3559E7003842}.Debug|Any CPU.Build.0 = Debug|Any CPU
		{EAAA741F-9937-4215-88F8-3559E7003842}.Release|Any CPU.ActiveCfg = Release|Any CPU
		{EAAA741F-9937-4215-88F8-3559E7003842}.Release|Any CPU.Build.0 = Release|Any CPU
		{DD76E8B8-2396-4A9D-95B6-7DC57B5A373F}.Debug|Any CPU.ActiveCfg = Debug|Any CPU
		{DD76E8B8-2396-4A9D-95B6-7DC57B5A373F}.Debug|Any CPU.Build.0 = Debug|Any CPU
		{DD76E8B8-2396-4A9D-95B6-7DC57B5A373F}.Release|Any CPU.ActiveCfg = Release|Any CPU
		{DD76E8B8-2396-4A9D-95B6-7DC57B5A373F}.Release|Any CPU.Build.0 = Release|Any CPU
	EndGlobalSection
	GlobalSection(SolutionProperties) = preSolution
		HideSolutionNode = FALSE
	EndGlobalSection
	GlobalSection(ExtensibilityGlobals) = postSolution
		SolutionGuid = {1529B757-E516-4E61-8B71-429F6106C5C1}
	EndGlobalSection
EndGlobal
